
Microsoft Visual Studio Solution File, Format Version 12.00
# Visual Studio Version 16
VisualStudioVersion = 16.0.32901.82
MinimumVisualStudioVersion = 10.0.40219.1
Project("{9A19103F-16F7-4668-BE54-9A1E7A4F7556}") = "T86E5Y_HFT_2022231.Client", "T86E5Y_HFT_2022231.Client.csproj", "{7FE8E03B-EE78-4BE7-A457-F8FC7464E264}"
EndProject
Project("{9A19103F-16F7-4668-BE54-9A1E7A4F7556}") = "T86E5Y_HFT_2022231.Models", "..\T86E5Y_HFT_2022231.Models\T86E5Y_HFT_2022231.Models.csproj", "{F66654F6-96B0-4B56-AAE0-8218AB9C14CB}"
EndProject
Project("{9A19103F-16F7-4668-BE54-9A1E7A4F7556}") = "T86E5Y_HFT_2022231.Logic", "..\T86E5Y_HFT_2022231.Logic\T86E5Y_HFT_2022231.Logic.csproj", "{5478C088-5FD7-4057-8A33-957DB8677699}"
EndProject
Project("{9A19103F-16F7-4668-BE54-9A1E7A4F7556}") = "T86E5Y_HFT_2022231.Repository", "..\T86E5Y_HFT_2022231.Repository\T86E5Y_HFT_2022231.Repository.csproj", "{6089A3AA-5B0E-4AE3-94D1-E2F8DDF2C838}"
EndProject
Project("{9A19103F-16F7-4668-BE54-9A1E7A4F7556}") = "T86E5Y_HFT_2022231.Test", "..\T86E5Y_HFT_2022231.Test\T86E5Y_HFT_2022231.Test.csproj", "{96602644-A7A8-46FC-8094-8AF8B91E62B3}"
EndProject
Project("{FAE04EC0-301F-11D3-BF4B-00C04F79EFBC}") = "T86E5Y_HFT_2022231.Endpoint", "..\T86E5Y_HFT_2022231.Endpoint\T86E5Y_HFT_2022231.Endpoint.csproj", "{8D4DF978-16BE-4228-8952-33D63EF4560F}"
EndProject
Project("{2150E333-8FDC-42A3-9474-1A3956D46DE8}") = "Backend", "Backend", "{5540F44E-455B-4063-AD4F-95AEF2AE63AE}"
EndProject
Project("{2150E333-8FDC-42A3-9474-1A3956D46DE8}") = "Frontend", "Frontend", "{383D00B4-ED36-467A-92ED-1F0239045152}"
EndProject
Project("{2150E333-8FDC-42A3-9474-1A3956D46DE8}") = "Shared", "Shared", "{03116841-D23F-4430-841D-832D9A71ADFA}"
EndProject
Global
	GlobalSection(SolutionConfigurationPlatforms) = preSolution
		Debug|Any CPU = Debug|Any CPU
		Release|Any CPU = Release|Any CPU
	EndGlobalSection
	GlobalSection(ProjectConfigurationPlatforms) = postSolution
		{7FE8E03B-EE78-4BE7-A457-F8FC7464E264}.Debug|Any CPU.ActiveCfg = Debug|Any CPU
		{7FE8E03B-EE78-4BE7-A457-F8FC7464E264}.Debug|Any CPU.Build.0 = Debug|Any CPU
		{7FE8E03B-EE78-4BE7-A457-F8FC7464E264}.Release|Any CPU.ActiveCfg = Release|Any CPU
		{7FE8E03B-EE78-4BE7-A457-F8FC7464E264}.Release|Any CPU.Build.0 = Release|Any CPU
		{F66654F6-96B0-4B56-AAE0-8218AB9C14CB}.Debug|Any CPU.ActiveCfg = Debug|Any CPU
		{F66654F6-96B0-4B56-AAE0-8218AB9C14CB}.Debug|Any CPU.Build.0 = Debug|Any CPU
		{F66654F6-96B0-4B56-AAE0-8218AB9C14CB}.Release|Any CPU.ActiveCfg = Release|Any CPU
		{F66654F6-96B0-4B56-AAE0-8218AB9C14CB}.Release|Any CPU.Build.0 = Release|Any CPU
		{5478C088-5FD7-4057-8A33-957DB8677699}.Debug|Any CPU.ActiveCfg = Debug|Any CPU
		{5478C088-5FD7-4057-8A33-957DB8677699}.Debug|Any CPU.Build.0 = Debug|Any CPU
		{5478C088-5FD7-4057-8A33-957DB8677699}.Release|Any CPU.ActiveCfg = Release|Any CPU
		{5478C088-5FD7-4057-8A33-957DB8677699}.Release|Any CPU.Build.0 = Release|Any CPU
		{6089A3AA-5B0E-4AE3-94D1-E2F8DDF2C838}.Debug|Any CPU.ActiveCfg = Debug|Any CPU
		{6089A3AA-5B0E-4AE3-94D1-E2F8DDF2C838}.Debug|Any CPU.Build.0 = Debug|Any CPU
		{6089A3AA-5B0E-4AE3-94D1-E2F8DDF2C838}.Release|Any CPU.ActiveCfg = Release|Any CPU
		{6089A3AA-5B0E-4AE3-94D1-E2F8DDF2C838}.Release|Any CPU.Build.0 = Release|Any CPU
		{96602644-A7A8-46FC-8094-8AF8B91E62B3}.Debug|Any CPU.ActiveCfg = Debug|Any CPU
		{96602644-A7A8-46FC-8094-8AF8B91E62B3}.Debug|Any CPU.Build.0 = Debug|Any CPU
		{96602644-A7A8-46FC-8094-8AF8B91E62B3}.Release|Any CPU.ActiveCfg = Release|Any CPU
		{96602644-A7A8-46FC-8094-8AF8B91E62B3}.Release|Any CPU.Build.0 = Release|Any CPU
		{8D4DF978-16BE-4228-8952-33D63EF4560F}.Debug|Any CPU.ActiveCfg = Debug|Any CPU
		{8D4DF978-16BE-4228-8952-33D63EF4560F}.Debug|Any CPU.Build.0 = Debug|Any CPU
		{8D4DF978-16BE-4228-8952-33D63EF4560F}.Release|Any CPU.ActiveCfg = Release|Any CPU
		{8D4DF978-16BE-4228-8952-33D63EF4560F}.Release|Any CPU.Build.0 = Release|Any CPU
	EndGlobalSection
	GlobalSection(SolutionProperties) = preSolution
		HideSolutionNode = FALSE
	EndGlobalSection
	GlobalSection(NestedProjects) = preSolution
		{7FE8E03B-EE78-4BE7-A457-F8FC7464E264} = {383D00B4-ED36-467A-92ED-1F0239045152}
		{F66654F6-96B0-4B56-AAE0-8218AB9C14CB} = {03116841-D23F-4430-841D-832D9A71ADFA}
		{5478C088-5FD7-4057-8A33-957DB8677699} = {5540F44E-455B-4063-AD4F-95AEF2AE63AE}
		{6089A3AA-5B0E-4AE3-94D1-E2F8DDF2C838} = {5540F44E-455B-4063-AD4F-95AEF2AE63AE}
		{96602644-A7A8-46FC-8094-8AF8B91E62B3} = {5540F44E-455B-4063-AD4F-95AEF2AE63AE}
		{8D4DF978-16BE-4228-8952-33D63EF4560F} = {5540F44E-455B-4063-AD4F-95AEF2AE63AE}
	EndGlobalSection
	GlobalSection(ExtensibilityGlobals) = postSolution
		SolutionGuid = {4C5B63D3-F0DC-468C-914A-EF16ABA5FA32}
	EndGlobalSection
EndGlobal
